
Microsoft Visual Studio Solution File, Format Version 11.00
# Visual Studio 2010
Project("{FAE04EC0-301F-11D3-BF4B-00C04F79EFBC}") = "Camstar.WCFServiceBase", "Camstar.WCFServiceBase.csproj", "{CF49E584-0971-4F40-BE65-B71A6198B11A}"
EndProject
Global
	GlobalSection(SolutionConfigurationPlatforms) = preSolution
		Debug|Any CPU = Debug|Any CPU
		Release|Any CPU = Release|Any CPU
	EndGlobalSection
	GlobalSection(ProjectConfigurationPlatforms) = postSolution
		{CF49E584-0971-4F40-BE65-B71A6198B11A}.Debug|Any CPU.ActiveCfg = Debug|Any CPU
		{CF49E584-0971-4F40-BE65-B71A6198B11A}.Debug|Any CPU.Build.0 = Debug|Any CPU
		{CF49E584-0971-4F40-BE65-B71A6198B11A}.Release|Any CPU.ActiveCfg = Release|Any CPU
		{CF49E584-0971-4F40-BE65-B71A6198B11A}.Release|Any CPU.Build.0 = Release|Any CPU
	EndGlobalSection
	GlobalSection(SolutionProperties) = preSolution
		HideSolutionNode = FALSE
	EndGlobalSection
EndGlobal
